
Microsoft Visual Studio Solution File, Format Version 12.00
# Visual Studio Version 17
VisualStudioVersion = 17.2.32630.192
MinimumVisualStudioVersion = 10.0.40219.1
Project("{9A19103F-16F7-4668-BE54-9A1E7A4F7556}") = "F10Y.Q0000", "F10Y.Q0000\F10Y.Q0000.csproj", "{0F6C0F54-1C1E-4449-BFF1-752F40C0DFE2}"
EndProject
Project("{2150E333-8FDC-42A3-9474-1A3956D46DE8}") = "_Dependencies", "_Dependencies", "{A9AD540F-F058-4EEC-9D0E-02CC764BDA41}"
EndProject
Project("{9A19103F-16F7-4668-BE54-9A1E7A4F7556}") = "F10Y.L0000", "..\..\F10Y.L0000\source\F10Y.L0000\F10Y.L0000.csproj", "{31C13672-D782-410A-B7B5-263C34538BC0}"
EndProject
Project("{9A19103F-16F7-4668-BE54-9A1E7A4F7556}") = "F10Y.T0000", "..\..\F10Y.T0000\source\F10Y.T0000\F10Y.T0000.csproj", "{ED04CA2E-781D-42AF-AFBB-67A620B32A81}"
EndProject
Project("{9A19103F-16F7-4668-BE54-9A1E7A4F7556}") = "F10Y.T0001", "..\..\F10Y.T0001\source\F10Y.T0001\F10Y.T0001.csproj", "{E7F2C939-4E6B-4617-B170-43E308D8C785}"
EndProject
Project("{9A19103F-16F7-4668-BE54-9A1E7A4F7556}") = "F10Y.T0002", "..\..\F10Y.T0002\source\F10Y.T0002\F10Y.T0002.csproj", "{5502AA85-9D79-455A-AA1A-8251F89F535E}"
EndProject
Project("{9A19103F-16F7-4668-BE54-9A1E7A4F7556}") = "F10Y.T0003", "..\..\F10Y.T0003\source\F10Y.T0003\F10Y.T0003.csproj", "{6166B6A1-43E1-4111-B0BD-5C886CE9C5B1}"
EndProject
Project("{9A19103F-16F7-4668-BE54-9A1E7A4F7556}") = "F10Y.T0004", "..\..\F10Y.T0004\source\F10Y.T0004\F10Y.T0004.csproj", "{63407591-D3A5-4198-932A-482172A4446F}"
EndProject
Project("{9A19103F-16F7-4668-BE54-9A1E7A4F7556}") = "F10Y.T0011", "..\..\F10Y.T0011\source\F10Y.T0011\F10Y.T0011.csproj", "{923A5511-EC11-4913-8676-DE4A252CAA6E}"
EndProject
Project("{9A19103F-16F7-4668-BE54-9A1E7A4F7556}") = "F10Y.Y0000", "..\..\F10Y.Y0000\source\F10Y.Y0000\F10Y.Y0000.csproj", "{17341BEB-9F34-4D99-989F-E314B36C6945}"
EndProject
Project("{9A19103F-16F7-4668-BE54-9A1E7A4F7556}") = "F10Y.T0006", "..\..\F10Y.T0006\source\F10Y.T0006\F10Y.T0006.csproj", "{9660E979-8DDF-4082-B584-8646536405D1}"
EndProject
Project("{9A19103F-16F7-4668-BE54-9A1E7A4F7556}") = "F10Y.Z0000", "..\..\F10Y.Z0000\source\F10Y.Z0000\F10Y.Z0000.csproj", "{F7FDDF15-1AEA-4D30-9526-2E801733C542}"
EndProject
Project("{9A19103F-16F7-4668-BE54-9A1E7A4F7556}") = "F10Y.L0004.L000", "..\..\F10Y.L0004\source\F10Y.L0004.L000\F10Y.L0004.L000.csproj", "{6B5FD167-FB79-4BFA-AA07-C065726B0FE8}"
EndProject
Project("{9A19103F-16F7-4668-BE54-9A1E7A4F7556}") = "F10Y.L0019", "..\..\F10Y.L0019\source\F10Y.L0019\F10Y.L0019.csproj", "{6F039882-8279-44EF-BC44-8B1BCBFE1D33}"
EndProject
Project("{9A19103F-16F7-4668-BE54-9A1E7A4F7556}") = "F10Y.Q0000.Q000", "F10Y.Q0000.Q000\F10Y.Q0000.Q000.csproj", "{E55B35CD-AF86-476D-87BC-7925936E32FA}"
EndProject
Project("{9A19103F-16F7-4668-BE54-9A1E7A4F7556}") = "F10Y.L0001.L001", "..\..\F10Y.L0001\source\F10Y.L0001.L001\F10Y.L0001.L001.csproj", "{DDF33708-7FCD-418B-AB99-2831F9A1CA83}"
EndProject
Project("{9A19103F-16F7-4668-BE54-9A1E7A4F7556}") = "F10Y.Z0000.Z000", "..\..\F10Y.Z0000\source\F10Y.Z0000.Z000\F10Y.Z0000.Z000.csproj", "{FE3053BB-C065-4F4A-91E8-6B70E8612FD5}"
EndProject
Project("{9A19103F-16F7-4668-BE54-9A1E7A4F7556}") = "F10Y.Z0000.Z001", "..\..\F10Y.Z0000\source\F10Y.Z0000.Z001\F10Y.Z0000.Z001.csproj", "{7EE38678-C1AA-4E93-BD54-E5FD0CC74E33}"
EndProject
Project("{9A19103F-16F7-4668-BE54-9A1E7A4F7556}") = "F10Y.L0001.L002", "..\..\F10Y.L0001\source\F10Y.L0001.L002\F10Y.L0001.L002.csproj", "{31AD4D1E-9ACA-48F4-BFFA-5C3E2F63FEF3}"
EndProject
Project("{9A19103F-16F7-4668-BE54-9A1E7A4F7556}") = "F10Y.L0001.T000", "..\..\F10Y.L0001\source\F10Y.L0001.T000\F10Y.L0001.T000.csproj", "{2ECC59C5-BA38-4DE7-8DC5-37E57971D237}"
EndProject
Project("{9A19103F-16F7-4668-BE54-9A1E7A4F7556}") = "F10Y.L0001.Z000", "..\..\F10Y.L0001\source\F10Y.L0001.Z000\F10Y.L0001.Z000.csproj", "{F3497BF8-62C7-4294-A3EC-5902C54254E0}"
EndProject
Project("{9A19103F-16F7-4668-BE54-9A1E7A4F7556}") = "F10Y.L0001", "..\..\F10Y.L0001\source\F10Y.L0001\F10Y.L0001.csproj", "{F25A3F15-AE75-4BDE-BA51-088F10C88D85}"
EndProject
Project("{9A19103F-16F7-4668-BE54-9A1E7A4F7556}") = "F10Y.Q0000.Q001", "F10Y.Q0000.Q001\F10Y.Q0000.Q001.csproj", "{292B4F71-24D5-478A-B5E4-AB25D9F3C370}"
EndProject
Project("{9A19103F-16F7-4668-BE54-9A1E7A4F7556}") = "F10Y.L0001.L000", "..\..\F10Y.L0001\source\F10Y.L0001.L000\F10Y.L0001.L000.csproj", "{0532E1B8-2A74-4088-9F9D-A87FCE917259}"
EndProject
Project("{9A19103F-16F7-4668-BE54-9A1E7A4F7556}") = "F10Y.L0001.X000", "..\..\F10Y.L0001\source\F10Y.L0001.X000\F10Y.L0001.X000.csproj", "{944D9171-262D-4289-AEF2-1B553CA254D6}"
EndProject
Project("{9A19103F-16F7-4668-BE54-9A1E7A4F7556}") = "F10Y.Z0011.Z001", "..\..\F10Y.Z0011\source\F10Y.Z0011.Z001\F10Y.Z0011.Z001.csproj", "{7575B801-CC25-44FC-89A6-A038D6D6D803}"
EndProject
Global
	GlobalSection(NestedProjects) = preSolution
		{31C13672-D782-410A-B7B5-263C34538BC0} = {A9AD540F-F058-4EEC-9D0E-02CC764BDA41}
		{ED04CA2E-781D-42AF-AFBB-67A620B32A81} = {A9AD540F-F058-4EEC-9D0E-02CC764BDA41}
		{E7F2C939-4E6B-4617-B170-43E308D8C785} = {A9AD540F-F058-4EEC-9D0E-02CC764BDA41}
		{5502AA85-9D79-455A-AA1A-8251F89F535E} = {A9AD540F-F058-4EEC-9D0E-02CC764BDA41}
		{6166B6A1-43E1-4111-B0BD-5C886CE9C5B1} = {A9AD540F-F058-4EEC-9D0E-02CC764BDA41}
		{63407591-D3A5-4198-932A-482172A4446F} = {A9AD540F-F058-4EEC-9D0E-02CC764BDA41}
		{923A5511-EC11-4913-8676-DE4A252CAA6E} = {A9AD540F-F058-4EEC-9D0E-02CC764BDA41}
		{17341BEB-9F34-4D99-989F-E314B36C6945} = {A9AD540F-F058-4EEC-9D0E-02CC764BDA41}
		{9660E979-8DDF-4082-B584-8646536405D1} = {A9AD540F-F058-4EEC-9D0E-02CC764BDA41}
		{F7FDDF15-1AEA-4D30-9526-2E801733C542} = {A9AD540F-F058-4EEC-9D0E-02CC764BDA41}
		{6B5FD167-FB79-4BFA-AA07-C065726B0FE8} = {A9AD540F-F058-4EEC-9D0E-02CC764BDA41}
		{6F039882-8279-44EF-BC44-8B1BCBFE1D33} = {A9AD540F-F058-4EEC-9D0E-02CC764BDA41}
		{DDF33708-7FCD-418B-AB99-2831F9A1CA83} = {A9AD540F-F058-4EEC-9D0E-02CC764BDA41}
		{FE3053BB-C065-4F4A-91E8-6B70E8612FD5} = {A9AD540F-F058-4EEC-9D0E-02CC764BDA41}
		{7EE38678-C1AA-4E93-BD54-E5FD0CC74E33} = {A9AD540F-F058-4EEC-9D0E-02CC764BDA41}
		{31AD4D1E-9ACA-48F4-BFFA-5C3E2F63FEF3} = {A9AD540F-F058-4EEC-9D0E-02CC764BDA41}
		{2ECC59C5-BA38-4DE7-8DC5-37E57971D237} = {A9AD540F-F058-4EEC-9D0E-02CC764BDA41}
		{F3497BF8-62C7-4294-A3EC-5902C54254E0} = {A9AD540F-F058-4EEC-9D0E-02CC764BDA41}
		{F25A3F15-AE75-4BDE-BA51-088F10C88D85} = {A9AD540F-F058-4EEC-9D0E-02CC764BDA41}
		{0532E1B8-2A74-4088-9F9D-A87FCE917259} = {A9AD540F-F058-4EEC-9D0E-02CC764BDA41}
		{944D9171-262D-4289-AEF2-1B553CA254D6} = {A9AD540F-F058-4EEC-9D0E-02CC764BDA41}
		{7575B801-CC25-44FC-89A6-A038D6D6D803} = {A9AD540F-F058-4EEC-9D0E-02CC764BDA41}
	EndGlobalSection
	GlobalSection(SolutionConfigurationPlatforms) = preSolution
		Debug|Any CPU = Debug|Any CPU
		Release|Any CPU = Release|Any CPU
	EndGlobalSection
	GlobalSection(ProjectConfigurationPlatforms) = postSolution
		{0F6C0F54-1C1E-4449-BFF1-752F40C0DFE2}.Debug|Any CPU.ActiveCfg = Debug|Any CPU
		{0F6C0F54-1C1E-4449-BFF1-752F40C0DFE2}.Debug|Any CPU.Build.0 = Debug|Any CPU
		{0F6C0F54-1C1E-4449-BFF1-752F40C0DFE2}.Release|Any CPU.ActiveCfg = Release|Any CPU
		{0F6C0F54-1C1E-4449-BFF1-752F40C0DFE2}.Release|Any CPU.Build.0 = Release|Any CPU
		{31C13672-D782-410A-B7B5-263C34538BC0}.Debug|Any CPU.ActiveCfg = Debug|Any CPU
		{31C13672-D782-410A-B7B5-263C34538BC0}.Debug|Any CPU.Build.0 = Debug|Any CPU
		{31C13672-D782-410A-B7B5-263C34538BC0}.Release|Any CPU.ActiveCfg = Release|Any CPU
		{31C13672-D782-410A-B7B5-263C34538BC0}.Release|Any CPU.Build.0 = Release|Any CPU
		{ED04CA2E-781D-42AF-AFBB-67A620B32A81}.Debug|Any CPU.ActiveCfg = Debug|Any CPU
		{ED04CA2E-781D-42AF-AFBB-67A620B32A81}.Debug|Any CPU.Build.0 = Debug|Any CPU
		{ED04CA2E-781D-42AF-AFBB-67A620B32A81}.Release|Any CPU.ActiveCfg = Release|Any CPU
		{ED04CA2E-781D-42AF-AFBB-67A620B32A81}.Release|Any CPU.Build.0 = Release|Any CPU
		{E7F2C939-4E6B-4617-B170-43E308D8C785}.Debug|Any CPU.ActiveCfg = Debug|Any CPU
		{E7F2C939-4E6B-4617-B170-43E308D8C785}.Debug|Any CPU.Build.0 = Debug|Any CPU
		{E7F2C939-4E6B-4617-B170-43E308D8C785}.Release|Any CPU.ActiveCfg = Release|Any CPU
		{E7F2C939-4E6B-4617-B170-43E308D8C785}.Release|Any CPU.Build.0 = Release|Any CPU
		{5502AA85-9D79-455A-AA1A-8251F89F535E}.Debug|Any CPU.ActiveCfg = Debug|Any CPU
		{5502AA85-9D79-455A-AA1A-8251F89F535E}.Debug|Any CPU.Build.0 = Debug|Any CPU
		{5502AA85-9D79-455A-AA1A-8251F89F535E}.Release|Any CPU.ActiveCfg = Release|Any CPU
		{5502AA85-9D79-455A-AA1A-8251F89F535E}.Release|Any CPU.Build.0 = Release|Any CPU
		{6166B6A1-43E1-4111-B0BD-5C886CE9C5B1}.Debug|Any CPU.ActiveCfg = Debug|Any CPU
		{6166B6A1-43E1-4111-B0BD-5C886CE9C5B1}.Debug|Any CPU.Build.0 = Debug|Any CPU
		{6166B6A1-43E1-4111-B0BD-5C886CE9C5B1}.Release|Any CPU.ActiveCfg = Release|Any CPU
		{6166B6A1-43E1-4111-B0BD-5C886CE9C5B1}.Release|Any CPU.Build.0 = Release|Any CPU
		{63407591-D3A5-4198-932A-482172A4446F}.Debug|Any CPU.ActiveCfg = Debug|Any CPU
		{63407591-D3A5-4198-932A-482172A4446F}.Debug|Any CPU.Build.0 = Debug|Any CPU
		{63407591-D3A5-4198-932A-482172A4446F}.Release|Any CPU.ActiveCfg = Release|Any CPU
		{63407591-D3A5-4198-932A-482172A4446F}.Release|Any CPU.Build.0 = Release|Any CPU
		{923A5511-EC11-4913-8676-DE4A252CAA6E}.Debug|Any CPU.ActiveCfg = Debug|Any CPU
		{923A5511-EC11-4913-8676-DE4A252CAA6E}.Debug|Any CPU.Build.0 = Debug|Any CPU
		{923A5511-EC11-4913-8676-DE4A252CAA6E}.Release|Any CPU.ActiveCfg = Release|Any CPU
		{923A5511-EC11-4913-8676-DE4A252CAA6E}.Release|Any CPU.Build.0 = Release|Any CPU
		{17341BEB-9F34-4D99-989F-E314B36C6945}.Debug|Any CPU.ActiveCfg = Debug|Any CPU
		{17341BEB-9F34-4D99-989F-E314B36C6945}.Debug|Any CPU.Build.0 = Debug|Any CPU
		{17341BEB-9F34-4D99-989F-E314B36C6945}.Release|Any CPU.ActiveCfg = Release|Any CPU
		{17341BEB-9F34-4D99-989F-E314B36C6945}.Release|Any CPU.Build.0 = Release|Any CPU
		{9660E979-8DDF-4082-B584-8646536405D1}.Debug|Any CPU.ActiveCfg = Debug|Any CPU
		{9660E979-8DDF-4082-B584-8646536405D1}.Debug|Any CPU.Build.0 = Debug|Any CPU
		{9660E979-8DDF-4082-B584-8646536405D1}.Release|Any CPU.ActiveCfg = Release|Any CPU
		{9660E979-8DDF-4082-B584-8646536405D1}.Release|Any CPU.Build.0 = Release|Any CPU
		{F7FDDF15-1AEA-4D30-9526-2E801733C542}.Debug|Any CPU.ActiveCfg = Debug|Any CPU
		{F7FDDF15-1AEA-4D30-9526-2E801733C542}.Debug|Any CPU.Build.0 = Debug|Any CPU
		{F7FDDF15-1AEA-4D30-9526-2E801733C542}.Release|Any CPU.ActiveCfg = Release|Any CPU
		{F7FDDF15-1AEA-4D30-9526-2E801733C542}.Release|Any CPU.Build.0 = Release|Any CPU
		{6B5FD167-FB79-4BFA-AA07-C065726B0FE8}.Debug|Any CPU.ActiveCfg = Debug|Any CPU
		{6B5FD167-FB79-4BFA-AA07-C065726B0FE8}.Debug|Any CPU.Build.0 = Debug|Any CPU
		{6B5FD167-FB79-4BFA-AA07-C065726B0FE8}.Release|Any CPU.ActiveCfg = Release|Any CPU
		{6B5FD167-FB79-4BFA-AA07-C065726B0FE8}.Release|Any CPU.Build.0 = Release|Any CPU
		{6F039882-8279-44EF-BC44-8B1BCBFE1D33}.Debug|Any CPU.ActiveCfg = Debug|Any CPU
		{6F039882-8279-44EF-BC44-8B1BCBFE1D33}.Debug|Any CPU.Build.0 = Debug|Any CPU
		{6F039882-8279-44EF-BC44-8B1BCBFE1D33}.Release|Any CPU.ActiveCfg = Release|Any CPU
		{6F039882-8279-44EF-BC44-8B1BCBFE1D33}.Release|Any CPU.Build.0 = Release|Any CPU
		{E55B35CD-AF86-476D-87BC-7925936E32FA}.Debug|Any CPU.ActiveCfg = Debug|Any CPU
		{E55B35CD-AF86-476D-87BC-7925936E32FA}.Debug|Any CPU.Build.0 = Debug|Any CPU
		{E55B35CD-AF86-476D-87BC-7925936E32FA}.Release|Any CPU.ActiveCfg = Release|Any CPU
		{E55B35CD-AF86-476D-87BC-7925936E32FA}.Release|Any CPU.Build.0 = Release|Any CPU
		{DDF33708-7FCD-418B-AB99-2831F9A1CA83}.Debug|Any CPU.ActiveCfg = Debug|Any CPU
		{DDF33708-7FCD-418B-AB99-2831F9A1CA83}.Debug|Any CPU.Build.0 = Debug|Any CPU
		{DDF33708-7FCD-418B-AB99-2831F9A1CA83}.Release|Any CPU.ActiveCfg = Release|Any CPU
		{DDF33708-7FCD-418B-AB99-2831F9A1CA83}.Release|Any CPU.Build.0 = Release|Any CPU
		{FE3053BB-C065-4F4A-91E8-6B70E8612FD5}.Debug|Any CPU.ActiveCfg = Debug|Any CPU
		{FE3053BB-C065-4F4A-91E8-6B70E8612FD5}.Debug|Any CPU.Build.0 = Debug|Any CPU
		{FE3053BB-C065-4F4A-91E8-6B70E8612FD5}.Release|Any CPU.ActiveCfg = Release|Any CPU
		{FE3053BB-C065-4F4A-91E8-6B70E8612FD5}.Release|Any CPU.Build.0 = Release|Any CPU
		{7EE38678-C1AA-4E93-BD54-E5FD0CC74E33}.Debug|Any CPU.ActiveCfg = Debug|Any CPU
		{7EE38678-C1AA-4E93-BD54-E5FD0CC74E33}.Debug|Any CPU.Build.0 = Debug|Any CPU
		{7EE38678-C1AA-4E93-BD54-E5FD0CC74E33}.Release|Any CPU.ActiveCfg = Release|Any CPU
		{7EE38678-C1AA-4E93-BD54-E5FD0CC74E33}.Release|Any CPU.Build.0 = Release|Any CPU
		{31AD4D1E-9ACA-48F4-BFFA-5C3E2F63FEF3}.Debug|Any CPU.ActiveCfg = Debug|Any CPU
		{31AD4D1E-9ACA-48F4-BFFA-5C3E2F63FEF3}.Debug|Any CPU.Build.0 = Debug|Any CPU
		{31AD4D1E-9ACA-48F4-BFFA-5C3E2F63FEF3}.Release|Any CPU.ActiveCfg = Release|Any CPU
		{31AD4D1E-9ACA-48F4-BFFA-5C3E2F63FEF3}.Release|Any CPU.Build.0 = Release|Any CPU
		{2ECC59C5-BA38-4DE7-8DC5-37E57971D237}.Debug|Any CPU.ActiveCfg = Debug|Any CPU
		{2ECC59C5-BA38-4DE7-8DC5-37E57971D237}.Debug|Any CPU.Build.0 = Debug|Any CPU
		{2ECC59C5-BA38-4DE7-8DC5-37E57971D237}.Release|Any CPU.ActiveCfg = Release|Any CPU
		{2ECC59C5-BA38-4DE7-8DC5-37E57971D237}.Release|Any CPU.Build.0 = Release|Any CPU
		{F3497BF8-62C7-4294-A3EC-5902C54254E0}.Debug|Any CPU.ActiveCfg = Debug|Any CPU
		{F3497BF8-62C7-4294-A3EC-5902C54254E0}.Debug|Any CPU.Build.0 = Debug|Any CPU
		{F3497BF8-62C7-4294-A3EC-5902C54254E0}.Release|Any CPU.ActiveCfg = Release|Any CPU
		{F3497BF8-62C7-4294-A3EC-5902C54254E0}.Release|Any CPU.Build.0 = Release|Any CPU
		{F25A3F15-AE75-4BDE-BA51-088F10C88D85}.Debug|Any CPU.ActiveCfg = Debug|Any CPU
		{F25A3F15-AE75-4BDE-BA51-088F10C88D85}.Debug|Any CPU.Build.0 = Debug|Any CPU
		{F25A3F15-AE75-4BDE-BA51-088F10C88D85}.Release|Any CPU.ActiveCfg = Release|Any CPU
		{F25A3F15-AE75-4BDE-BA51-088F10C88D85}.Release|Any CPU.Build.0 = Release|Any CPU
		{292B4F71-24D5-478A-B5E4-AB25D9F3C370}.Debug|Any CPU.ActiveCfg = Debug|Any CPU
		{292B4F71-24D5-478A-B5E4-AB25D9F3C370}.Debug|Any CPU.Build.0 = Debug|Any CPU
		{292B4F71-24D5-478A-B5E4-AB25D9F3C370}.Release|Any CPU.ActiveCfg = Release|Any CPU
		{292B4F71-24D5-478A-B5E4-AB25D9F3C370}.Release|Any CPU.Build.0 = Release|Any CPU
		{0532E1B8-2A74-4088-9F9D-A87FCE917259}.Debug|Any CPU.ActiveCfg = Debug|Any CPU
		{0532E1B8-2A74-4088-9F9D-A87FCE917259}.Debug|Any CPU.Build.0 = Debug|Any CPU
		{0532E1B8-2A74-4088-9F9D-A87FCE917259}.Release|Any CPU.ActiveCfg = Release|Any CPU
		{0532E1B8-2A74-4088-9F9D-A87FCE917259}.Release|Any CPU.Build.0 = Release|Any CPU
		{944D9171-262D-4289-AEF2-1B553CA254D6}.Debug|Any CPU.ActiveCfg = Debug|Any CPU
		{944D9171-262D-4289-AEF2-1B553CA254D6}.Debug|Any CPU.Build.0 = Debug|Any CPU
		{944D9171-262D-4289-AEF2-1B553CA254D6}.Release|Any CPU.ActiveCfg = Release|Any CPU
		{944D9171-262D-4289-AEF2-1B553CA254D6}.Release|Any CPU.Build.0 = Release|Any CPU
		{7575B801-CC25-44FC-89A6-A038D6D6D803}.Debug|Any CPU.ActiveCfg = Debug|Any CPU
		{7575B801-CC25-44FC-89A6-A038D6D6D803}.Debug|Any CPU.Build.0 = Debug|Any CPU
		{7575B801-CC25-44FC-89A6-A038D6D6D803}.Release|Any CPU.ActiveCfg = Release|Any CPU
		{7575B801-CC25-44FC-89A6-A038D6D6D803}.Release|Any CPU.Build.0 = Release|Any CPU
	EndGlobalSection
	GlobalSection(SolutionProperties) = preSolution
		HideSolutionNode = FALSE
	EndGlobalSection
	GlobalSection(ExtensibilityGlobals) = postSolution
		SolutionGuid = {40A3F3F6-7304-4EA3-9DE6-3CB02241A3B4}
	EndGlobalSection
EndGlobal
